{
    "_meta": {
        "hash": {
            "sha256": "d876943a3b266ccd1281d273a1868eb19a6b5417f1aa38fee83c7a244feb32d9"
        },
        "pipfile-spec": 6,
        "requires": {
            "python_version": "3.5"
        },
        "sources": [
            {
                "name": "pypi",
                "url": "https://pypi.org/simple",
                "verify_ssl": true
            }
        ]
    },
    "default": {
        "django": {
            "hashes": [
                "sha256:9614851d4a7ff8cbd32b73c6076441f377c45a5bbff7e771798fb02c43c31f47",
                "sha256:af18618ce3291be5092893d8522fe3919661bf3a1fb60e3858ae74865a4f07c2"
            ],
            "index": "pypi",
            "version": "==2.0"
        },
        "django-cors-headers": {
            "hashes": [
                "sha256:0e9532628b3aa8806442d4d0b15e56112e6cfbef3735e13401935c98b842a2b4",
                "sha256:c7ec4816ec49416517b84f317499d1519db62125471922ab78d670474ed9b987"
            ],
            "index": "pypi",
            "version": "==2.2.0"
        },
        "djangorestframework": {
            "hashes": [
                "sha256:b6714c3e4b0f8d524f193c91ecf5f5450092c2145439ac2769711f7eba89a9d9",
                "sha256:c375e4f95a3a64fccac412e36fb42ba36881e52313ec021ef410b40f67cddca4"
            ],
            "index": "pypi",
            "version": "==3.8.2"
        },
        "pytz": {
            "hashes": [
                "sha256:a061aa0a9e06881eb8b3b2b43f05b9439d6583c206d0a6c340ff72a7b6669053",
                "sha256:ffb9ef1de172603304d9d2819af6f5ece76f2e85ec10692a524dd876e72bf277"
            ],
            "version": "==2018.5"
        }
    },
    "develop": {}
}
